
Microsoft Visual Studio Solution File, Format Version 12.00
# Visual Studio Version 17
VisualStudioVersion = 17.9.34622.214
MinimumVisualStudioVersion = 10.0.40219.1
Project("{FAE04EC0-301F-11D3-BF4B-00C04F79EFBC}") = "lab03dapa", "lab03dapa\lab03dapa.csproj", "{CCA09C1E-B286-49AD-84B9-B3947E08775C}"
EndProject
Global
	GlobalSection(SolutionConfigurationPlatforms) = preSolution
		Debug|Any CPU = Debug|Any CPU
		Release|Any CPU = Release|Any CPU
	EndGlobalSection
	GlobalSection(ProjectConfigurationPlatforms) = postSolution
		{CCA09C1E-B286-49AD-84B9-B3947E08775C}.Debug|Any CPU.ActiveCfg = Debug|Any CPU
		{CCA09C1E-B286-49AD-84B9-B3947E08775C}.Debug|Any CPU.Build.0 = Debug|Any CPU
		{CCA09C1E-B286-49AD-84B9-B3947E08775C}.Release|Any CPU.ActiveCfg = Release|Any CPU
		{CCA09C1E-B286-49AD-84B9-B3947E08775C}.Release|Any CPU.Build.0 = Release|Any CPU
	EndGlobalSection
	GlobalSection(SolutionProperties) = preSolution
		HideSolutionNode = FALSE
	EndGlobalSection
	GlobalSection(ExtensibilityGlobals) = postSolution
		SolutionGuid = {16D3A7F4-CC9D-4FCF-9388-648CA043752B}
	EndGlobalSection
EndGlobal
